
Microsoft Visual Studio Solution File, Format Version 12.00
# Visual Studio Version 17
VisualStudioVersion = 17.5.33414.496
MinimumVisualStudioVersion = 10.0.40219.1
Project("{888888A0-9F3D-457C-B088-3A5042F75D52}") = "ProyPython02", "ProyPython02.pyproj", "{A65DA817-58FD-4B20-B82A-6FE8AF9E9645}"
EndProject
Global
	GlobalSection(SolutionConfigurationPlatforms) = preSolution
		Debug|Any CPU = Debug|Any CPU
		Release|Any CPU = Release|Any CPU
	EndGlobalSection
	GlobalSection(ProjectConfigurationPlatforms) = postSolution
		{A65DA817-58FD-4B20-B82A-6FE8AF9E9645}.Debug|Any CPU.ActiveCfg = Debug|Any CPU
		{A65DA817-58FD-4B20-B82A-6FE8AF9E9645}.Release|Any CPU.ActiveCfg = Release|Any CPU
	EndGlobalSection
	GlobalSection(SolutionProperties) = preSolution
		HideSolutionNode = FALSE
	EndGlobalSection
	GlobalSection(ExtensibilityGlobals) = postSolution
		SolutionGuid = {DD66220C-7AD5-4AD0-A29C-FD67287999BB}
	EndGlobalSection
EndGlobal
